
Microsoft Visual Studio Solution File, Format Version 12.00
# Visual Studio Version 16
VisualStudioVersion = 16.0.29911.84
MinimumVisualStudioVersion = 10.0.40219.1
Project("{FAE04EC0-301F-11D3-BF4B-00C04F79EFBC}") = "Shop", "Shop\Shop.csproj", "{5CACFB6C-BAC7-40A3-B1FC-AB9F5EBA217C}"
EndProject
Global
	GlobalSection(SolutionConfigurationPlatforms) = preSolution
		Debug|Any CPU = Debug|Any CPU
		Release|Any CPU = Release|Any CPU
	EndGlobalSection
	GlobalSection(ProjectConfigurationPlatforms) = postSolution
		{5CACFB6C-BAC7-40A3-B1FC-AB9F5EBA217C}.Debug|Any CPU.ActiveCfg = Debug|Any CPU
		{5CACFB6C-BAC7-40A3-B1FC-AB9F5EBA217C}.Debug|Any CPU.Build.0 = Debug|Any CPU
		{5CACFB6C-BAC7-40A3-B1FC-AB9F5EBA217C}.Release|Any CPU.ActiveCfg = Release|Any CPU
		{5CACFB6C-BAC7-40A3-B1FC-AB9F5EBA217C}.Release|Any CPU.Build.0 = Release|Any CPU
	EndGlobalSection
	GlobalSection(SolutionProperties) = preSolution
		HideSolutionNode = FALSE
	EndGlobalSection
	GlobalSection(ExtensibilityGlobals) = postSolution
		SolutionGuid = {E6894F7B-A851-4A70-BDA5-18860FB36BBD}
	EndGlobalSection
EndGlobal
